
Microsoft Visual Studio Solution File, Format Version 12.00
# Visual Studio Version 16
VisualStudioVersion = 16.0.30320.27
MinimumVisualStudioVersion = 10.0.40219.1
Project("{FAE04EC0-301F-11D3-BF4B-00C04F79EFBC}") = "Common", "Common\Common.csproj", "{CE96717A-5815-4E59-9383-D025E42AA65F}"
EndProject
Project("{FAE04EC0-301F-11D3-BF4B-00C04F79EFBC}") = "Common.Test", "Common.Test\Common.Test.csproj", "{202C00BF-B9DE-4E83-8D40-3FA6ABD4E171}"
EndProject
Global
	GlobalSection(SolutionConfigurationPlatforms) = preSolution
		Debug|Any CPU = Debug|Any CPU
		Release|Any CPU = Release|Any CPU
	EndGlobalSection
	GlobalSection(ProjectConfigurationPlatforms) = postSolution
		{CE96717A-5815-4E59-9383-D025E42AA65F}.Debug|Any CPU.ActiveCfg = Debug|Any CPU
		{CE96717A-5815-4E59-9383-D025E42AA65F}.Debug|Any CPU.Build.0 = Debug|Any CPU
		{CE96717A-5815-4E59-9383-D025E42AA65F}.Release|Any CPU.ActiveCfg = Release|Any CPU
		{CE96717A-5815-4E59-9383-D025E42AA65F}.Release|Any CPU.Build.0 = Release|Any CPU
		{202C00BF-B9DE-4E83-8D40-3FA6ABD4E171}.Debug|Any CPU.ActiveCfg = Debug|Any CPU
		{202C00BF-B9DE-4E83-8D40-3FA6ABD4E171}.Debug|Any CPU.Build.0 = Debug|Any CPU
		{202C00BF-B9DE-4E83-8D40-3FA6ABD4E171}.Release|Any CPU.ActiveCfg = Release|Any CPU
		{202C00BF-B9DE-4E83-8D40-3FA6ABD4E171}.Release|Any CPU.Build.0 = Release|Any CPU
	EndGlobalSection
	GlobalSection(SolutionProperties) = preSolution
		HideSolutionNode = FALSE
	EndGlobalSection
	GlobalSection(ExtensibilityGlobals) = postSolution
		SolutionGuid = {A33CA8F5-7460-43FA-BDC3-34C4522C565B}
	EndGlobalSection
EndGlobal
